
Microsoft Visual Studio Solution File, Format Version 12.00
# Visual Studio Version 17
VisualStudioVersion = 17.11.35303.130
MinimumVisualStudioVersion = 10.0.40219.1
Project("{FAE04EC0-301F-11D3-BF4B-00C04F79EFBC}") = "CSHARP_1_Assignment_1", "CSHARP_1_Assignment_1\CSHARP_1_Assignment_1.csproj", "{293868CE-40CF-45E8-AE8F-2FC79BFC4261}"
EndProject
Global
	GlobalSection(SolutionConfigurationPlatforms) = preSolution
		Debug|Any CPU = Debug|Any CPU
		Release|Any CPU = Release|Any CPU
	EndGlobalSection
	GlobalSection(ProjectConfigurationPlatforms) = postSolution
		{293868CE-40CF-45E8-AE8F-2FC79BFC4261}.Debug|Any CPU.ActiveCfg = Debug|Any CPU
		{293868CE-40CF-45E8-AE8F-2FC79BFC4261}.Debug|Any CPU.Build.0 = Debug|Any CPU
		{293868CE-40CF-45E8-AE8F-2FC79BFC4261}.Release|Any CPU.ActiveCfg = Release|Any CPU
		{293868CE-40CF-45E8-AE8F-2FC79BFC4261}.Release|Any CPU.Build.0 = Release|Any CPU
	EndGlobalSection
	GlobalSection(SolutionProperties) = preSolution
		HideSolutionNode = FALSE
	EndGlobalSection
	GlobalSection(ExtensibilityGlobals) = postSolution
		SolutionGuid = {A8476C86-5F1F-4475-B03D-632C56F54F3E}
	EndGlobalSection
EndGlobal
